
Microsoft Visual Studio Solution File, Format Version 12.00
# Visual Studio 2012
Project("{FAE04EC0-301F-11D3-BF4B-00C04F79EFBC}") = "DateRangeLibrary", "DateRangeLibrary\DateRangeLibrary.csproj", "{C2DBCC9F-8B32-47D2-AA0A-188B57BB17ED}"
EndProject
Project("{FAE04EC0-301F-11D3-BF4B-00C04F79EFBC}") = "DateRaneLibraryTests", "DateRaneLibraryTests\DateRaneLibraryTests.csproj", "{4DE5279C-5D9D-4092-A54A-71AA27B41E58}"
EndProject
Global
	GlobalSection(SolutionConfigurationPlatforms) = preSolution
		Debug|Any CPU = Debug|Any CPU
		Release|Any CPU = Release|Any CPU
	EndGlobalSection
	GlobalSection(ProjectConfigurationPlatforms) = postSolution
		{C2DBCC9F-8B32-47D2-AA0A-188B57BB17ED}.Debug|Any CPU.ActiveCfg = Debug|Any CPU
		{C2DBCC9F-8B32-47D2-AA0A-188B57BB17ED}.Debug|Any CPU.Build.0 = Debug|Any CPU
		{C2DBCC9F-8B32-47D2-AA0A-188B57BB17ED}.Release|Any CPU.ActiveCfg = Release|Any CPU
		{C2DBCC9F-8B32-47D2-AA0A-188B57BB17ED}.Release|Any CPU.Build.0 = Release|Any CPU
		{4DE5279C-5D9D-4092-A54A-71AA27B41E58}.Debug|Any CPU.ActiveCfg = Debug|Any CPU
		{4DE5279C-5D9D-4092-A54A-71AA27B41E58}.Debug|Any CPU.Build.0 = Debug|Any CPU
		{4DE5279C-5D9D-4092-A54A-71AA27B41E58}.Release|Any CPU.ActiveCfg = Release|Any CPU
		{4DE5279C-5D9D-4092-A54A-71AA27B41E58}.Release|Any CPU.Build.0 = Release|Any CPU
	EndGlobalSection
	GlobalSection(SolutionProperties) = preSolution
		HideSolutionNode = FALSE
	EndGlobalSection
EndGlobal
